<?xml version="1.0" encoding="utf-8"?>
<Project ToolsVersion="4.0" xmlns="http://schemas.microsoft.com/developer/msbuild/2003">
  <ItemGroup>
    <Filter Include="Source Files">
      <UniqueIdentifier>{4FC737F1-C7A5-4376-A066-2A32D752A2FF}</UniqueIdentifier>
      <Extensions>cpp;c;cc;cxx;c++;cppm;ixx;def;odl;idl;hpj;bat;asm;asmx</Extensions>
    </Filter>
    <Filter Include="Header Files">
      <UniqueIdentifier>{93995380-89BD-4b04-88EB-625FBE52EBFB}</UniqueIdentifier>
      <Extensions>h;hh;hpp;hxx;h++;hm;inl;inc;ipp;xsd</Extensions>
    </Filter>
    <Filter Include="Resource Files">
      <UniqueIdentifier>{67DA6AB6-F800-4c08-8B7A-83BB121AAD01}</UniqueIdentifier>
      <Extensions>rc;ico;cur;bmp;dlg;rc2;rct;bin;rgs;gif;jpg;jpeg;jpe;resx;tiff;tif;png;wav;mfcribbon-ms</Extensions>
    </Filter>
  </ItemGroup>
  <ItemGroup>
    <ClCompile Include="Dodekafon.cpp">
      <Filter>Source Files</Filter>
    </ClCompile>
    <ClCompile Include="DebugPrint.cpp">
      <Filter>Source Files</Filter>
    </ClCompile>
    <ClCompile Include="DodekaNode.cpp">
      <Filter>Source Files</Filter>
    </ClCompile>
    <ClCompile Include="DodekaInterval.cpp">
      <Filter>Source Files</Filter>
    </ClCompile>
    <ClCompile Include="DodekaPitches.cpp">
      <Filter>Source Files</Filter>
    </ClCompile>
    <ClCompile Include="DodekaSpan.cpp">
      <Filter>Source Files</Filter>
    </ClCompile>
    <ClCompile Include="DebugSolveDodekafon.cpp">
      <Filter>Source Files</Filter>
    </ClCompile>
    <ClCompile Include="Testdata.cpp">
      <Filter>Source Files</Filter>
    </ClCompile>
  </ItemGroup>
  <ItemGroup>
    <ClInclude Include="DebugPrint.h">
      <Filter>Header Files</Filter>
    </ClInclude>
    <ClInclude Include="Dodekafon.h">
      <Filter>Header Files</Filter>
    </ClInclude>
    <ClInclude Include="Testdata.h">
      <Filter>Header Files</Filter>
    </ClInclude>
    <ClInclude Include="DodekaNode.h">
      <Filter>Header Files</Filter>
    </ClInclude>
    <ClInclude Include="DodekaInterval.h">
      <Filter>Header Files</Filter>
    </ClInclude>
    <ClInclude Include="DodekaPitches.h">
      <Filter>Header Files</Filter>
    </ClInclude>
    <ClInclude Include="DodekaBase.h">
      <Filter>Header Files</Filter>
    </ClInclude>
    <ClInclude Include="DodekaSpan.h">
      <Filter>Header Files</Filter>
    </ClInclude>
    <ClInclude Include="DebugSolveDodekafon.h">
      <Filter>Header Files</Filter>
    </ClInclude>
  </ItemGroup>
  <ItemGroup>
    <Text Include="Dodeka-Notes.txt">
      <Filter>Source Files</Filter>
    </Text>
  </ItemGroup>
</Project>